{
  "nodes": {
    "nixpkgs": {
      "locked": {
        "lastModified": 1706213598,
        "narHash": "sha256-Toz3HEHeq6Esr5uDOMel8BiGSa94gj+og3Yz4YEgjYI=",
        "owner": "NixOS",
        "repo": "nixpkgs",
        "rev": "cda0e75a0bd7cf05bd3e40658c163e4f8f376b7b",
        "type": "github"
      },
      "original": {
        "owner": "NixOS",
        "ref": "release-23.11",
        "repo": "nixpkgs",
        "type": "github"
      }
    },
    "root": {
      "inputs": {
        "nixpkgs": "nixpkgs"
      }
    }
  },
  "root": "root",
  "version": 7
}
